
Microsoft Visual Studio Solution File, Format Version 12.00
# Visual Studio 15
VisualStudioVersion = 15.0.28307.1000
MinimumVisualStudioVersion = 10.0.40219.1
Project("{FAE04EC0-301F-11D3-BF4B-00C04F79EFBC}") = "TaskMaster", "TaskMaster\TaskMaster.csproj", "{B3B51AD3-9DC0-412D-B1B4-FF51E00AD212}"
EndProject
Project("{FAE04EC0-301F-11D3-BF4B-00C04F79EFBC}") = "TaskMaster.Tests", "TaskMaster.Tests\TaskMaster.Tests.csproj", "{4846E0F6-6F46-4365-8677-145ED5B52C76}"
EndProject
Global
	GlobalSection(SolutionConfigurationPlatforms) = preSolution
		Debug|Any CPU = Debug|Any CPU
		Release|Any CPU = Release|Any CPU
	EndGlobalSection
	GlobalSection(ProjectConfigurationPlatforms) = postSolution
		{B3B51AD3-9DC0-412D-B1B4-FF51E00AD212}.Debug|Any CPU.ActiveCfg = Debug|Any CPU
		{B3B51AD3-9DC0-412D-B1B4-FF51E00AD212}.Debug|Any CPU.Build.0 = Debug|Any CPU
		{B3B51AD3-9DC0-412D-B1B4-FF51E00AD212}.Release|Any CPU.ActiveCfg = Release|Any CPU
		{B3B51AD3-9DC0-412D-B1B4-FF51E00AD212}.Release|Any CPU.Build.0 = Release|Any CPU
		{4846E0F6-6F46-4365-8677-145ED5B52C76}.Debug|Any CPU.ActiveCfg = Debug|Any CPU
		{4846E0F6-6F46-4365-8677-145ED5B52C76}.Debug|Any CPU.Build.0 = Debug|Any CPU
		{4846E0F6-6F46-4365-8677-145ED5B52C76}.Release|Any CPU.ActiveCfg = Release|Any CPU
		{4846E0F6-6F46-4365-8677-145ED5B52C76}.Release|Any CPU.Build.0 = Release|Any CPU
	EndGlobalSection
	GlobalSection(SolutionProperties) = preSolution
		HideSolutionNode = FALSE
	EndGlobalSection
	GlobalSection(ExtensibilityGlobals) = postSolution
		SolutionGuid = {2BB47895-82C8-479B-AFD3-1ACDE7255731}
	EndGlobalSection
EndGlobal
